PODS:
  - DXYWeChatSDK (1.5.1)
  - EMSocialKit (0.1.9):
    - DXYWeChatSDK (~> 1.5.1)
    - TencentOpenApiSDK (~> 2.9.5)
    - UIImage-ResizeMagick@NoWarnings (~> 0.0.2)
    - WeiboSDK (~> 3.0)
  - EMSpeed/Core (0.3.4)
  - EMSpeed/MSContext (0.3.4)
  - EMSpeed/UIKit/Core (0.3.4):
    - EMSpeed/Core
  - EMSpeed/UIKit/FontAwesome+iOS (0.3.4)
  - EMSpeed/UIKit/UIColors (0.3.4):
    - EMSpeed/UIKit/Core
  - EMSpeed/UIKit/UIKitCollections (0.3.4):
    - EMSpeed/MSContext
    - EMSpeed/UIKit/Core
    - EMSpeed/UIKit/UIColors
    - Masonry
  - JLRoutes (1.5.5)
  - Masonry (1.0.2)
  - MSAppModuleKit (0.0.16):
    - MSRoutes
  - MSAppModuleShare (0.1.4):
    - EMSocialKit
    - EMSpeed/Core
    - MSAppModuleKit
    - SDWebImage
  - MSAppModuleWebApp (0.2.3):
    - MSAppModuleWebApp/WebBridgeCore (= 0.2.3)
    - MSAppModuleWebApp/WebViewController (= 0.2.3)
  - MSAppModuleWebApp/WebBridgeCore (0.2.3):
    - WebViewJavascriptBridge
  - MSAppModuleWebApp/WebViewController (0.2.3):
    - EMSpeed/UIKit/Core
    - EMSpeed/UIKit/FontAwesome+iOS
    - EMSpeed/UIKit/UIKitCollections
    - MSAppModuleKit
    - MSAppModuleShare
    - MSAppModuleWebApp/WebBridgeCore
    - MSRoutes
    - SDWebImage
  - MSRoutes (0.1.2):
    - JLRoutes (~> 1.5.3)
  - SDWebImage (3.8.2):
    - SDWebImage/Core (= 3.8.2)
  - SDWebImage/Core (3.8.2)
  - TencentOpenApiSDK (2.9.5):
    - TencentOpenApiSDK/Basic (= 2.9.5)
  - TencentOpenApiSDK/Basic (2.9.5)
  - UIImage-ResizeMagick@NoWarnings (0.0.3)
  - WebViewJavascriptBridge (5.0.5)
  - WeiboSDK (3.1.3)

DEPENDENCIES:
  - MSAppModuleWebApp (from `../`)

EXTERNAL SOURCES:
  MSAppModuleWebApp:
    :path: ../

SPEC CHECKSUMS:
  DXYWeChatSDK: 6a23dbf67a4545bfc80e3e18f9b5cf0c98699576
  EMSocialKit: 346b5322f8b3c3a73305e6bbf7a7c3a8d51bde6e
  EMSpeed: a09678543e10fc135a26e8cadaa3754579e1b4d6
  JLRoutes: d191a496b820f60d70225202d04289582da962df
  Masonry: 7c429b56da9d4ee0bbb3ed77a5ea710d6a5df39e
  MSAppModuleKit: 39b9e18656df55c00c85609f1452f5030fbd9b2b
  MSAppModuleShare: 24f48f18e6684d01e39e7235b9f9857775a384bf
  MSAppModuleWebApp: 08345cde9982835f00111e92c3fc4c35780bf64d
  MSRoutes: 09a729dc8d82f47a7f297bf2ab5b5c2081975db4
  SDWebImage: 098e97e6176540799c27e804c96653ee0833d13c
  TencentOpenApiSDK: a0d7716edd6eb438d65828168e8e5137301b436d
  UIImage-ResizeMagick@NoWarnings: 7d1a61c23404ac1daef0d5397b1a1d7182addd60
  WebViewJavascriptBridge: a4d502315f1b8d9a51cd6a9174147ed567ec3bc5
  WeiboSDK: acb067053668102cf07d01aa7604350162c2e466

COCOAPODS: 0.39.0
